
Microsoft Visual Studio Solution File, Format Version 12.00
# Visual Studio Version 17
VisualStudioVersion = 17.6.33723.286
MinimumVisualStudioVersion = 10.0.40219.1
Project("{FAE04EC0-301F-11D3-BF4B-00C04F79EFBC}") = "SignalRChat", "SignalRChat\SignalRChat.csproj", "{37E7CA72-9455-46E4-847B-62609D5CD146}"
EndProject
Global
	GlobalSection(SolutionConfigurationPlatforms) = preSolution
		Debug|Any CPU = Debug|Any CPU
		Release|Any CPU = Release|Any CPU
	EndGlobalSection
	GlobalSection(ProjectConfigurationPlatforms) = postSolution
		{37E7CA72-9455-46E4-847B-62609D5CD146}.Debug|Any CPU.ActiveCfg = Debug|Any CPU
		{37E7CA72-9455-46E4-847B-62609D5CD146}.Debug|Any CPU.Build.0 = Debug|Any CPU
		{37E7CA72-9455-46E4-847B-62609D5CD146}.Release|Any CPU.ActiveCfg = Release|Any CPU
		{37E7CA72-9455-46E4-847B-62609D5CD146}.Release|Any CPU.Build.0 = Release|Any CPU
	EndGlobalSection
	GlobalSection(SolutionProperties) = preSolution
		HideSolutionNode = FALSE
	EndGlobalSection
	GlobalSection(ExtensibilityGlobals) = postSolution
		SolutionGuid = {23DF54AF-7706-4991-A4CA-85B1EF7836CB}
	EndGlobalSection
EndGlobal
